
Microsoft Visual Studio Solution File, Format Version 12.00
# Visual Studio 15
VisualStudioVersion = 15.0.27428.2002
MinimumVisualStudioVersion = 10.0.40219.1
Project("{FAE04EC0-301F-11D3-BF4B-00C04F79EFBC}") = "CmsShoppingCart", "CmsShoppingCart\CmsShoppingCart.csproj", "{0082D2ED-3358-4964-A015-EF1668FF5617}"
EndProject
Global
	GlobalSection(SolutionConfigurationPlatforms) = preSolution
		Debug|Any CPU = Debug|Any CPU
		Release|Any CPU = Release|Any CPU
	EndGlobalSection
	GlobalSection(ProjectConfigurationPlatforms) = postSolution
		{0082D2ED-3358-4964-A015-EF1668FF5617}.Debug|Any CPU.ActiveCfg = Debug|Any CPU
		{0082D2ED-3358-4964-A015-EF1668FF5617}.Debug|Any CPU.Build.0 = Debug|Any CPU
		{0082D2ED-3358-4964-A015-EF1668FF5617}.Release|Any CPU.ActiveCfg = Release|Any CPU
		{0082D2ED-3358-4964-A015-EF1668FF5617}.Release|Any CPU.Build.0 = Release|Any CPU
	EndGlobalSection
	GlobalSection(SolutionProperties) = preSolution
		HideSolutionNode = FALSE
	EndGlobalSection
	GlobalSection(ExtensibilityGlobals) = postSolution
		SolutionGuid = {7A3F46E1-6D29-4536-BE41-31210CEC96B3}
	EndGlobalSection
EndGlobal
